
Microsoft Visual Studio Solution File, Format Version 12.00
# Visual Studio Version 16
VisualStudioVersion = 16.0.29306.81
MinimumVisualStudioVersion = 10.0.40219.1
Project("{FAE04EC0-301F-11D3-BF4B-00C04F79EFBC}") = "CalculatorHelloWorld", "CalculatorHelloWorld\CalculatorHelloWorld.csproj", "{F68666DD-FAA4-4271-A374-D6DD28510C54}"
EndProject
Global
	GlobalSection(SolutionConfigurationPlatforms) = preSolution
		Debug|Any CPU = Debug|Any CPU
		Release|Any CPU = Release|Any CPU
	EndGlobalSection
	GlobalSection(ProjectConfigurationPlatforms) = postSolution
		{F68666DD-FAA4-4271-A374-D6DD28510C54}.Debug|Any CPU.ActiveCfg = Debug|Any CPU
		{F68666DD-FAA4-4271-A374-D6DD28510C54}.Debug|Any CPU.Build.0 = Debug|Any CPU
		{F68666DD-FAA4-4271-A374-D6DD28510C54}.Release|Any CPU.ActiveCfg = Release|Any CPU
		{F68666DD-FAA4-4271-A374-D6DD28510C54}.Release|Any CPU.Build.0 = Release|Any CPU
	EndGlobalSection
	GlobalSection(SolutionProperties) = preSolution
		HideSolutionNode = FALSE
	EndGlobalSection
	GlobalSection(ExtensibilityGlobals) = postSolution
		SolutionGuid = {9C955C31-AA1B-4630-8772-A88C6E50B342}
	EndGlobalSection
EndGlobal
